
Microsoft Visual Studio Solution File, Format Version 12.00
# Visual Studio Version 17
VisualStudioVersion = 17.6.33829.357
MinimumVisualStudioVersion = 10.0.40219.1
Project("{F184B08F-C81C-45F6-A57F-5ABD9991F28F}") = "Agenda-tp", "Agenda-tp.vbproj", "{0378E4D4-BEB5-4B35-897B-CFE2E19D8D48}"
EndProject
Global
	GlobalSection(SolutionConfigurationPlatforms) = preSolution
		Debug|Any CPU = Debug|Any CPU
		Release|Any CPU = Release|Any CPU
	EndGlobalSection
	GlobalSection(ProjectConfigurationPlatforms) = postSolution
		{0378E4D4-BEB5-4B35-897B-CFE2E19D8D48}.Debug|Any CPU.ActiveCfg = Debug|Any CPU
		{0378E4D4-BEB5-4B35-897B-CFE2E19D8D48}.Debug|Any CPU.Build.0 = Debug|Any CPU
		{0378E4D4-BEB5-4B35-897B-CFE2E19D8D48}.Release|Any CPU.ActiveCfg = Release|Any CPU
		{0378E4D4-BEB5-4B35-897B-CFE2E19D8D48}.Release|Any CPU.Build.0 = Release|Any CPU
	EndGlobalSection
	GlobalSection(SolutionProperties) = preSolution
		HideSolutionNode = FALSE
	EndGlobalSection
	GlobalSection(ExtensibilityGlobals) = postSolution
		SolutionGuid = {6B1FB611-715A-4EE7-A42D-9C1B5C7870D6}
	EndGlobalSection
EndGlobal
